
Microsoft Visual Studio Solution File, Format Version 12.00
# Visual Studio Version 16
VisualStudioVersion = 16.0.28803.352
MinimumVisualStudioVersion = 10.0.40219.1
Project("{FAE04EC0-301F-11D3-BF4B-00C04F79EFBC}") = "FinancialAccounting", "FinancialAccounting\FinancialAccounting.csproj", "{E75A70A6-0FE0-42E4-8969-9DEDEE407808}"
EndProject
Project("{FAE04EC0-301F-11D3-BF4B-00C04F79EFBC}") = "DataAccess", "DataAccess\DataAccess.csproj", "{22186887-C326-4E17-873A-0492E66A76B9}"
EndProject
Project("{FAE04EC0-301F-11D3-BF4B-00C04F79EFBC}") = "Resources", "Resources\Resources.csproj", "{DAECA649-2D76-4036-854C-84ED7379FF9C}"
EndProject
Project("{FAE04EC0-301F-11D3-BF4B-00C04F79EFBC}") = "BusinessLogic", "BusinessLogic\BusinessLogic.csproj", "{0A9A5E69-8E18-4E73-99A0-DB2C33F61A7B}"
EndProject
Global
	GlobalSection(SolutionConfigurationPlatforms) = preSolution
		Debug|Any CPU = Debug|Any CPU
		Release|Any CPU = Release|Any CPU
	EndGlobalSection
	GlobalSection(ProjectConfigurationPlatforms) = postSolution
		{E75A70A6-0FE0-42E4-8969-9DEDEE407808}.Debug|Any CPU.ActiveCfg = Debug|Any CPU
		{E75A70A6-0FE0-42E4-8969-9DEDEE407808}.Debug|Any CPU.Build.0 = Debug|Any CPU
		{E75A70A6-0FE0-42E4-8969-9DEDEE407808}.Release|Any CPU.ActiveCfg = Release|Any CPU
		{E75A70A6-0FE0-42E4-8969-9DEDEE407808}.Release|Any CPU.Build.0 = Release|Any CPU
		{22186887-C326-4E17-873A-0492E66A76B9}.Debug|Any CPU.ActiveCfg = Debug|Any CPU
		{22186887-C326-4E17-873A-0492E66A76B9}.Debug|Any CPU.Build.0 = Debug|Any CPU
		{22186887-C326-4E17-873A-0492E66A76B9}.Release|Any CPU.ActiveCfg = Release|Any CPU
		{22186887-C326-4E17-873A-0492E66A76B9}.Release|Any CPU.Build.0 = Release|Any CPU
		{DAECA649-2D76-4036-854C-84ED7379FF9C}.Debug|Any CPU.ActiveCfg = Debug|Any CPU
		{DAECA649-2D76-4036-854C-84ED7379FF9C}.Debug|Any CPU.Build.0 = Debug|Any CPU
		{DAECA649-2D76-4036-854C-84ED7379FF9C}.Release|Any CPU.ActiveCfg = Release|Any CPU
		{DAECA649-2D76-4036-854C-84ED7379FF9C}.Release|Any CPU.Build.0 = Release|Any CPU
		{0A9A5E69-8E18-4E73-99A0-DB2C33F61A7B}.Debug|Any CPU.ActiveCfg = Debug|Any CPU
		{0A9A5E69-8E18-4E73-99A0-DB2C33F61A7B}.Debug|Any CPU.Build.0 = Debug|Any CPU
		{0A9A5E69-8E18-4E73-99A0-DB2C33F61A7B}.Release|Any CPU.ActiveCfg = Release|Any CPU
		{0A9A5E69-8E18-4E73-99A0-DB2C33F61A7B}.Release|Any CPU.Build.0 = Release|Any CPU
	EndGlobalSection
	GlobalSection(SolutionProperties) = preSolution
		HideSolutionNode = FALSE
	EndGlobalSection
	GlobalSection(ExtensibilityGlobals) = postSolution
		SolutionGuid = {A9D198ED-99B8-4041-AE92-425CA0D2B622}
	EndGlobalSection
EndGlobal
